
Microsoft Visual Studio Solution File, Format Version 12.00
# Visual Studio Version 17
VisualStudioVersion = 17.3.32901.215
MinimumVisualStudioVersion = 10.0.40219.1
Project("{FAE04EC0-301F-11D3-BF4B-00C04F79EFBC}") = "Seven", "Seven\Seven.csproj", "{BCA5B249-1CB4-4663-AE23-1DBC61F0E396}"
EndProject
Global
	GlobalSection(SolutionConfigurationPlatforms) = preSolution
		Debug|Any CPU = Debug|Any CPU
		Release|Any CPU = Release|Any CPU
	EndGlobalSection
	GlobalSection(ProjectConfigurationPlatforms) = postSolution
		{BCA5B249-1CB4-4663-AE23-1DBC61F0E396}.Debug|Any CPU.ActiveCfg = Debug|Any CPU
		{BCA5B249-1CB4-4663-AE23-1DBC61F0E396}.Debug|Any CPU.Build.0 = Debug|Any CPU
		{BCA5B249-1CB4-4663-AE23-1DBC61F0E396}.Release|Any CPU.ActiveCfg = Release|Any CPU
		{BCA5B249-1CB4-4663-AE23-1DBC61F0E396}.Release|Any CPU.Build.0 = Release|Any CPU
	EndGlobalSection
	GlobalSection(SolutionProperties) = preSolution
		HideSolutionNode = FALSE
	EndGlobalSection
	GlobalSection(ExtensibilityGlobals) = postSolution
		SolutionGuid = {C7BFE328-5196-4FF2-A345-5D359DCA38B9}
	EndGlobalSection
EndGlobal
